{
  "name": "@virtualbat/balance-neto",
  "version": "1.0.0",
  "lockfileVersion": 2,
  "requires": true,
  "packages": {
    "": {
      "name": "@virtualbat/balance-neto",
      "version": "1.0.0",
      "license": "ISC",
      "dependencies": {
        "@js-joda/core": "^5.2.0",
        "@virtualbat/entities": "1.0.8",
        "collections": "^5.1.13"
      },
      "devDependencies": {
        "typescript": "^4.7.4"
      }
    },
    "node_modules/@js-joda/core": {
      "version": "5.5.2",
      "resolved": "https://registry.npmjs.org/@js-joda/core/-/core-5.5.2.tgz",
      "integrity": "sha512-retLUN4TwCJ0QJDi9OCJwYVaXAz93NeOkEtEQL98M2bykBOxmURlP0YlfsuE46kItOOVZIWRYC3KsSLhQ1R2Qw=="
    },
    "node_modules/@js-joda/extra": {
      "version": "0.8.1",
      "resolved": "https://registry.npmjs.org/@js-joda/extra/-/extra-0.8.1.tgz",
      "integrity": "sha512-cy75u5SDO/HFWNNoMuu/2v1ecUdEuJFbdlTBdRTJdrYjZC8/UtmMAYxmsHhoU3MdhwSP7ONQy2dLXQa/MwKNog==",
      "peerDependencies": {
        "@js-joda/core": ">=1.11.0"
      }
    },
    "node_modules/@js-joda/timezone": {
      "version": "2.17.2",
      "resolved": "https://registry.npmjs.org/@js-joda/timezone/-/timezone-2.17.2.tgz",
      "integrity": "sha512-QZR6ymcQfnb6cqNvzEVcxLqAjYyS7Grs8IR6rJvv/bH+nTb1HI2zGXSYZZdL5ly+hEHOeWFx4BtaJ9jaY7m6QQ==",
      "peerDependencies": {
        "@js-joda/core": ">=1.11.0"
      }
    },
    "node_modules/@virtualbat/entities": {
      "version": "1.0.8",
      "resolved": "https://registry.npmjs.org/@virtualbat/entities/-/entities-1.0.8.tgz",
      "integrity": "sha512-vZrCuruO2A/L3gnaqyHygrqyX0tONTYOBjmq6MW2w4GFkJu9CrXWcX38O7i3sjru0q4fPwOLqK0hckruIF+b/w==",
      "dependencies": {
        "@js-joda/core": "^5.2.0",
        "@js-joda/extra": "^0.8.0",
        "@js-joda/timezone": "^2.12.0"
      }
    },
    "node_modules/collections": {
      "version": "5.1.13",
      "resolved": "https://registry.npmjs.org/collections/-/collections-5.1.13.tgz",
      "integrity": "sha512-SCb6Qd+d3Z02corWQ7/mqXiXeeTdHvkP6TeFSYfGYdCFp1WrjSNZ3j6y8Y3T/7osGEe0iOcU2g1d346l99m4Lg==",
      "dependencies": {
        "weak-map": "~1.0.x"
      }
    },
    "node_modules/typescript": {
      "version": "4.9.5",
      "resolved": "https://registry.npmjs.org/typescript/-/typescript-4.9.5.tgz",
      "integrity": "sha512-1FXk9E2Hm+QzZQ7z+McJiHL4NW1F2EzMu9Nq9i3zAaGqibafqYwCVU6WyWAuyQRRzOlxou8xZSyXLEN8oKj24g==",
      "dev": true,
      "bin": {
        "tsc": "bin/tsc",
        "tsserver": "bin/tsserver"
      },
      "engines": {
        "node": ">=4.2.0"
      }
    },
    "node_modules/weak-map": {
      "version": "1.0.8",
      "resolved": "https://registry.npmjs.org/weak-map/-/weak-map-1.0.8.tgz",
      "integrity": "sha512-lNR9aAefbGPpHO7AEnY0hCFjz1eTkWCXYvkTRrTHs9qv8zJp+SkVYpzfLIFXQQiG3tVvbNFQgVg2bQS8YGgxyw=="
    }
  },
  "dependencies": {
    "@js-joda/core": {
      "version": "5.5.2",
      "resolved": "https://registry.npmjs.org/@js-joda/core/-/core-5.5.2.tgz",
      "integrity": "sha512-retLUN4TwCJ0QJDi9OCJwYVaXAz93NeOkEtEQL98M2bykBOxmURlP0YlfsuE46kItOOVZIWRYC3KsSLhQ1R2Qw=="
    },
    "@js-joda/extra": {
      "version": "0.8.1",
      "resolved": "https://registry.npmjs.org/@js-joda/extra/-/extra-0.8.1.tgz",
      "integrity": "sha512-cy75u5SDO/HFWNNoMuu/2v1ecUdEuJFbdlTBdRTJdrYjZC8/UtmMAYxmsHhoU3MdhwSP7ONQy2dLXQa/MwKNog==",
      "requires": {}
    },
    "@js-joda/timezone": {
      "version": "2.17.2",
      "resolved": "https://registry.npmjs.org/@js-joda/timezone/-/timezone-2.17.2.tgz",
      "integrity": "sha512-QZR6ymcQfnb6cqNvzEVcxLqAjYyS7Grs8IR6rJvv/bH+nTb1HI2zGXSYZZdL5ly+hEHOeWFx4BtaJ9jaY7m6QQ==",
      "requires": {}
    },
    "@virtualbat/entities": {
      "version": "1.0.8",
      "resolved": "https://registry.npmjs.org/@virtualbat/entities/-/entities-1.0.8.tgz",
      "integrity": "sha512-vZrCuruO2A/L3gnaqyHygrqyX0tONTYOBjmq6MW2w4GFkJu9CrXWcX38O7i3sjru0q4fPwOLqK0hckruIF+b/w==",
      "requires": {
        "@js-joda/core": "^5.2.0",
        "@js-joda/extra": "^0.8.0",
        "@js-joda/timezone": "^2.12.0"
      }
    },
    "collections": {
      "version": "5.1.13",
      "resolved": "https://registry.npmjs.org/collections/-/collections-5.1.13.tgz",
      "integrity": "sha512-SCb6Qd+d3Z02corWQ7/mqXiXeeTdHvkP6TeFSYfGYdCFp1WrjSNZ3j6y8Y3T/7osGEe0iOcU2g1d346l99m4Lg==",
      "requires": {
        "weak-map": "~1.0.x"
      }
    },
    "typescript": {
      "version": "4.9.5",
      "resolved": "https://registry.npmjs.org/typescript/-/typescript-4.9.5.tgz",
      "integrity": "sha512-1FXk9E2Hm+QzZQ7z+McJiHL4NW1F2EzMu9Nq9i3zAaGqibafqYwCVU6WyWAuyQRRzOlxou8xZSyXLEN8oKj24g==",
      "dev": true
    },
    "weak-map": {
      "version": "1.0.8",
      "resolved": "https://registry.npmjs.org/weak-map/-/weak-map-1.0.8.tgz",
      "integrity": "sha512-lNR9aAefbGPpHO7AEnY0hCFjz1eTkWCXYvkTRrTHs9qv8zJp+SkVYpzfLIFXQQiG3tVvbNFQgVg2bQS8YGgxyw=="
    }
  }
}
